
Microsoft Visual Studio Solution File, Format Version 12.00
# Visual Studio 15
VisualStudioVersion = 15.0.28010.2026
MinimumVisualStudioVersion = 10.0.40219.1
Project("{FAE04EC0-301F-11D3-BF4B-00C04F79EFBC}") = "LibVlcSharpTest.Android", "LibVlcSharpTest\LibVlcSharpTest.Android\LibVlcSharpTest.Android.csproj", "{B24FE73D-ADFA-424F-878D-FC57FB862084}"
EndProject
Project("{FAE04EC0-301F-11D3-BF4B-00C04F79EFBC}") = "LibVlcSharpTest", "LibVlcSharpTest\LibVlcSharpTest\LibVlcSharpTest.csproj", "{D4BF5C14-16C1-46D3-BB48-ACFF123C436D}"
EndProject
Global
	GlobalSection(SolutionConfigurationPlatforms) = preSolution
		Debug|Any CPU = Debug|Any CPU
		Release|Any CPU = Release|Any CPU
	EndGlobalSection
	GlobalSection(ProjectConfigurationPlatforms) = postSolution
		{B24FE73D-ADFA-424F-878D-FC57FB862084}.Debug|Any CPU.ActiveCfg = Debug|Any CPU
		{B24FE73D-ADFA-424F-878D-FC57FB862084}.Debug|Any CPU.Build.0 = Debug|Any CPU
		{B24FE73D-ADFA-424F-878D-FC57FB862084}.Debug|Any CPU.Deploy.0 = Debug|Any CPU
		{B24FE73D-ADFA-424F-878D-FC57FB862084}.Release|Any CPU.ActiveCfg = Release|Any CPU
		{B24FE73D-ADFA-424F-878D-FC57FB862084}.Release|Any CPU.Build.0 = Release|Any CPU
		{B24FE73D-ADFA-424F-878D-FC57FB862084}.Release|Any CPU.Deploy.0 = Release|Any CPU
		{D4BF5C14-16C1-46D3-BB48-ACFF123C436D}.Debug|Any CPU.ActiveCfg = Debug|Any CPU
		{D4BF5C14-16C1-46D3-BB48-ACFF123C436D}.Debug|Any CPU.Build.0 = Debug|Any CPU
		{D4BF5C14-16C1-46D3-BB48-ACFF123C436D}.Debug|Any CPU.Deploy.0 = Debug|Any CPU
		{D4BF5C14-16C1-46D3-BB48-ACFF123C436D}.Release|Any CPU.ActiveCfg = Release|Any CPU
		{D4BF5C14-16C1-46D3-BB48-ACFF123C436D}.Release|Any CPU.Build.0 = Release|Any CPU
		{D4BF5C14-16C1-46D3-BB48-ACFF123C436D}.Release|Any CPU.Deploy.0 = Release|Any CPU
	EndGlobalSection
	GlobalSection(SolutionProperties) = preSolution
		HideSolutionNode = FALSE
	EndGlobalSection
	GlobalSection(ExtensibilityGlobals) = postSolution
		SolutionGuid = {89934EEE-E265-4510-9995-A1D2AF35C98E}
	EndGlobalSection
EndGlobal
